
Microsoft Visual Studio Solution File, Format Version 12.00
# Visual Studio Version 17
VisualStudioVersion = 17.3.32825.248
MinimumVisualStudioVersion = 10.0.40219.1
Project("{2150E333-8FDC-42A3-9474-1A3956D46DE8}") = "src", "src", "{4D7F5BE9-968D-4220-8209-F96582EAF1A3}"
EndProject
Project("{2150E333-8FDC-42A3-9474-1A3956D46DE8}") = "tests", "tests", "{23B08713-575D-4143-82B6-4671B57B551F}"
EndProject
Project("{9A19103F-16F7-4668-BE54-9A1E7A4F7556}") = "JGSpigotPiDecimals", "src\JGSpigotPiDecimals\JGSpigotPiDecimals.csproj", "{EB68DA36-4567-479E-8D84-7E2EBA5BC3EC}"
EndProject
Project("{9A19103F-16F7-4668-BE54-9A1E7A4F7556}") = "PalindromicPrime.Tests", "tests\PalindromicPrime.Tests\PalindromicPrime.Tests.csproj", "{595D33CE-12BE-47B2-851D-216E5A7C10CE}"
EndProject
Project("{9A19103F-16F7-4668-BE54-9A1E7A4F7556}") = "FindPalindromicPrime", "src\FindPalindromicPrime\FindPalindromicPrime.csproj", "{80B991E3-2A88-4850-8EA9-ED8576016F61}"
EndProject
Project("{2150E333-8FDC-42A3-9474-1A3956D46DE8}") = "benchmarks", "benchmarks", "{8992EBD8-9DEE-47D5-80DA-06D6E6012952}"
EndProject
Project("{9A19103F-16F7-4668-BE54-9A1E7A4F7556}") = "EvenNumberBenchmark", "benchmarks\EvenNumber.Benchmark\EvenNumberBenchmark.csproj", "{B79041A8-A456-4BB6-BBD8-C5C721AF67C9}"
EndProject
Project("{9A19103F-16F7-4668-BE54-9A1E7A4F7556}") = "PalindromicNumberBenchmark", "benchmarks\PalindromicNumber.Benchmark\PalindromicNumberBenchmark.csproj", "{00B097F4-E301-4D0D-BE64-4F1E4112A042}"
EndProject
Project("{9A19103F-16F7-4668-BE54-9A1E7A4F7556}") = "FindPalindromicPrimeBenchmark", "benchmarks\FindPalindromicPrimeBenchmark\FindPalindromicPrimeBenchmark.csproj", "{C6BA07B7-D6FC-4E8E-83EA-B58DD39D57B3}"
EndProject
Project("{9A19103F-16F7-4668-BE54-9A1E7A4F7556}") = "ConsolePalindromicPrimeInPi", "src\ConsolePalindromicPrimeInPi\ConsolePalindromicPrimeInPi.csproj", "{87C0D8F0-792D-4F91-8929-B52BE415827D}"
EndProject
Project("{9A19103F-16F7-4668-BE54-9A1E7A4F7556}") = "Extensions", "src\Extensions\Extensions.csproj", "{168BE49D-82ED-471A-AC26-9784F63A0FA5}"
EndProject
Global
	GlobalSection(SolutionConfigurationPlatforms) = preSolution
		Debug|Any CPU = Debug|Any CPU
		Release|Any CPU = Release|Any CPU
	EndGlobalSection
	GlobalSection(ProjectConfigurationPlatforms) = postSolution
		{EB68DA36-4567-479E-8D84-7E2EBA5BC3EC}.Debug|Any CPU.ActiveCfg = Debug|Any CPU
		{EB68DA36-4567-479E-8D84-7E2EBA5BC3EC}.Debug|Any CPU.Build.0 = Debug|Any CPU
		{EB68DA36-4567-479E-8D84-7E2EBA5BC3EC}.Release|Any CPU.ActiveCfg = Release|Any CPU
		{EB68DA36-4567-479E-8D84-7E2EBA5BC3EC}.Release|Any CPU.Build.0 = Release|Any CPU
		{595D33CE-12BE-47B2-851D-216E5A7C10CE}.Debug|Any CPU.ActiveCfg = Debug|Any CPU
		{595D33CE-12BE-47B2-851D-216E5A7C10CE}.Debug|Any CPU.Build.0 = Debug|Any CPU
		{595D33CE-12BE-47B2-851D-216E5A7C10CE}.Release|Any CPU.ActiveCfg = Release|Any CPU
		{595D33CE-12BE-47B2-851D-216E5A7C10CE}.Release|Any CPU.Build.0 = Release|Any CPU
		{80B991E3-2A88-4850-8EA9-ED8576016F61}.Debug|Any CPU.ActiveCfg = Debug|Any CPU
		{80B991E3-2A88-4850-8EA9-ED8576016F61}.Debug|Any CPU.Build.0 = Debug|Any CPU
		{80B991E3-2A88-4850-8EA9-ED8576016F61}.Release|Any CPU.ActiveCfg = Release|Any CPU
		{80B991E3-2A88-4850-8EA9-ED8576016F61}.Release|Any CPU.Build.0 = Release|Any CPU
		{B79041A8-A456-4BB6-BBD8-C5C721AF67C9}.Debug|Any CPU.ActiveCfg = Debug|Any CPU
		{B79041A8-A456-4BB6-BBD8-C5C721AF67C9}.Debug|Any CPU.Build.0 = Debug|Any CPU
		{B79041A8-A456-4BB6-BBD8-C5C721AF67C9}.Release|Any CPU.ActiveCfg = Release|Any CPU
		{B79041A8-A456-4BB6-BBD8-C5C721AF67C9}.Release|Any CPU.Build.0 = Release|Any CPU
		{00B097F4-E301-4D0D-BE64-4F1E4112A042}.Debug|Any CPU.ActiveCfg = Debug|Any CPU
		{00B097F4-E301-4D0D-BE64-4F1E4112A042}.Debug|Any CPU.Build.0 = Debug|Any CPU
		{00B097F4-E301-4D0D-BE64-4F1E4112A042}.Release|Any CPU.ActiveCfg = Release|Any CPU
		{00B097F4-E301-4D0D-BE64-4F1E4112A042}.Release|Any CPU.Build.0 = Release|Any CPU
		{C6BA07B7-D6FC-4E8E-83EA-B58DD39D57B3}.Debug|Any CPU.ActiveCfg = Debug|Any CPU
		{C6BA07B7-D6FC-4E8E-83EA-B58DD39D57B3}.Debug|Any CPU.Build.0 = Debug|Any CPU
		{C6BA07B7-D6FC-4E8E-83EA-B58DD39D57B3}.Release|Any CPU.ActiveCfg = Release|Any CPU
		{C6BA07B7-D6FC-4E8E-83EA-B58DD39D57B3}.Release|Any CPU.Build.0 = Release|Any CPU
		{87C0D8F0-792D-4F91-8929-B52BE415827D}.Debug|Any CPU.ActiveCfg = Debug|Any CPU
		{87C0D8F0-792D-4F91-8929-B52BE415827D}.Debug|Any CPU.Build.0 = Debug|Any CPU
		{87C0D8F0-792D-4F91-8929-B52BE415827D}.Release|Any CPU.ActiveCfg = Release|Any CPU
		{87C0D8F0-792D-4F91-8929-B52BE415827D}.Release|Any CPU.Build.0 = Release|Any CPU
		{168BE49D-82ED-471A-AC26-9784F63A0FA5}.Debug|Any CPU.ActiveCfg = Debug|Any CPU
		{168BE49D-82ED-471A-AC26-9784F63A0FA5}.Debug|Any CPU.Build.0 = Debug|Any CPU
		{168BE49D-82ED-471A-AC26-9784F63A0FA5}.Release|Any CPU.ActiveCfg = Release|Any CPU
		{168BE49D-82ED-471A-AC26-9784F63A0FA5}.Release|Any CPU.Build.0 = Release|Any CPU
	EndGlobalSection
	GlobalSection(SolutionProperties) = preSolution
		HideSolutionNode = FALSE
	EndGlobalSection
	GlobalSection(NestedProjects) = preSolution
		{EB68DA36-4567-479E-8D84-7E2EBA5BC3EC} = {4D7F5BE9-968D-4220-8209-F96582EAF1A3}
		{595D33CE-12BE-47B2-851D-216E5A7C10CE} = {23B08713-575D-4143-82B6-4671B57B551F}
		{80B991E3-2A88-4850-8EA9-ED8576016F61} = {4D7F5BE9-968D-4220-8209-F96582EAF1A3}
		{B79041A8-A456-4BB6-BBD8-C5C721AF67C9} = {8992EBD8-9DEE-47D5-80DA-06D6E6012952}
		{00B097F4-E301-4D0D-BE64-4F1E4112A042} = {8992EBD8-9DEE-47D5-80DA-06D6E6012952}
		{C6BA07B7-D6FC-4E8E-83EA-B58DD39D57B3} = {8992EBD8-9DEE-47D5-80DA-06D6E6012952}
		{87C0D8F0-792D-4F91-8929-B52BE415827D} = {4D7F5BE9-968D-4220-8209-F96582EAF1A3}
		{168BE49D-82ED-471A-AC26-9784F63A0FA5} = {4D7F5BE9-968D-4220-8209-F96582EAF1A3}
	EndGlobalSection
	GlobalSection(ExtensibilityGlobals) = postSolution
		SolutionGuid = {EAF6368D-5C7B-4C2B-B92F-744DB2A69D56}
	EndGlobalSection
EndGlobal
